
Microsoft Visual Studio Solution File, Format Version 12.00
# Visual Studio 2012
Project("{FAE04EC0-301F-11D3-BF4B-00C04F79EFBC}") = "CHM", "CHM\CHM.csproj", "{A777455C-A7E1-4A5A-B119-57D8A659E1ED}"
EndProject
Global
	GlobalSection(SolutionConfigurationPlatforms) = preSolution
		Debug|Any CPU = Debug|Any CPU
		Release|Any CPU = Release|Any CPU
	EndGlobalSection
	GlobalSection(ProjectConfigurationPlatforms) = postSolution
		{A777455C-A7E1-4A5A-B119-57D8A659E1ED}.Debug|Any CPU.ActiveCfg = Debug|Any CPU
		{A777455C-A7E1-4A5A-B119-57D8A659E1ED}.Debug|Any CPU.Build.0 = Debug|Any CPU
		{A777455C-A7E1-4A5A-B119-57D8A659E1ED}.Release|Any CPU.ActiveCfg = Release|Any CPU
		{A777455C-A7E1-4A5A-B119-57D8A659E1ED}.Release|Any CPU.Build.0 = Release|Any CPU
	EndGlobalSection
	GlobalSection(SolutionProperties) = preSolution
		HideSolutionNode = FALSE
	EndGlobalSection
EndGlobal
